
Microsoft Visual Studio Solution File, Format Version 12.00
# Visual Studio Version 17
VisualStudioVersion = 17.14.36221.1 d17.14
MinimumVisualStudioVersion = 10.0.40219.1
Project("{FAE04EC0-301F-11D3-BF4B-00C04F79EFBC}") = "TransformerFireApp", "TransformerFireApp\TransformerFireApp.csproj", "{9CCCCDFE-3580-4250-B799-09BC4678835D}"
EndProject
Global
	GlobalSection(SolutionConfigurationPlatforms) = preSolution
		Debug|Any CPU = Debug|Any CPU
		Release|Any CPU = Release|Any CPU
	EndGlobalSection
	GlobalSection(ProjectConfigurationPlatforms) = postSolution
		{9CCCCDFE-3580-4250-B799-09BC4678835D}.Debug|Any CPU.ActiveCfg = Debug|Any CPU
		{9CCCCDFE-3580-4250-B799-09BC4678835D}.Debug|Any CPU.Build.0 = Debug|Any CPU
		{9CCCCDFE-3580-4250-B799-09BC4678835D}.Release|Any CPU.ActiveCfg = Release|Any CPU
		{9CCCCDFE-3580-4250-B799-09BC4678835D}.Release|Any CPU.Build.0 = Release|Any CPU
	EndGlobalSection
	GlobalSection(SolutionProperties) = preSolution
		HideSolutionNode = FALSE
	EndGlobalSection
	GlobalSection(ExtensibilityGlobals) = postSolution
		SolutionGuid = {1FE953D5-2332-44B2-9473-5C3EEB22FDD0}
	EndGlobalSection
EndGlobal
